{
  "meteor": {},
  "dependencies": {
    "basePackages": {
      "spin": {
        "version": "0.2.2"
      },
      "accounts-linkedin": {
        "version": "0.0.5"
      },
      "roles": {
        "version": "1.2.6"
      },
      "accounts-ui-bootstrap-dropdown": {
        "version": "0.6.5.1"
      },
      "jquery-ui": {
        "version": "1.9.2"
      },
      "jquery-ui-bootstrap": {
        "version": "0.1.2"
      },
      "iron-router": {
        "version": "0.6.2"
      },
      "collection-api": {
        "version": "0.1.15"
      }
    },
    "packages": {
      "spin": {
        "git": "https://github.com/SachaG/meteor-spin.git",
        "tag": "v0.2.2",
        "commit": "3f655f0016228e4195acc784c45d3e3a247dc39f"
      },
      "accounts-linkedin": {
        "git": "https://github.com/yefim/meteor-accounts-linkedin.git",
        "tag": "v0.0.5",
        "commit": "0ccf12b93f5cd6f487caa68a12a640099e358ffd"
      },
      "roles": {
        "git": "https://github.com/alanning/meteor-roles.git",
        "tag": "v1.2.6",
        "commit": "f2a9058281f8f2fe028767841d7445aadd6893cf"
      },
      "accounts-ui-bootstrap-dropdown": {
        "git": "https://github.com/erobit/meteor-accounts-ui-bootstrap-dropdown.git",
        "tag": "v0.6.5.1",
        "commit": "c8b29d2e7f8611d6dec9d6d23c1c2b94e000b0fb"
      },
      "jquery-ui": {
        "git": "https://github.com/TimHeckel/meteor-jquery-ui.git",
        "tag": "v1.9.2",
        "commit": "c437d45edcf1367df8d5ffa8bad2867758030bd2"
      },
      "jquery-ui-bootstrap": {
        "git": "https://github.com/TimHeckel/meteor-jquery-ui-bootstrap.git",
        "tag": "v0.1.2",
        "commit": "fa742a85639307003e105898e15b631394b63509"
      },
      "iron-router": {
        "git": "https://github.com/EventedMind/iron-router.git",
        "tag": "v0.6.2",
        "commit": "ce56e58b45624dce992490f3a1c10f10d3948bae"
      },
      "collection-api": {
        "git": "https://github.com/crazytoad/meteor-collectionapi.git",
        "tag": "v0.1.15",
        "commit": "b62c51f387287726cf3b64077f7bc69604ec2f5e"
      },
      "linkedin": {
        "git": "https://github.com/yefim/meteor-linkedin.git",
        "tag": "v0.0.2",
        "commit": "c3bac682ea0edd19e58b9172e708f91616888ba0"
      }
    }
  }
}
